
Microsoft Visual Studio Solution File, Format Version 12.00
# Visual Studio Version 17
VisualStudioVersion = 17.0.32112.339
MinimumVisualStudioVersion = 10.0.40219.1
Project("{FAE04EC0-301F-11D3-BF4B-00C04F79EFBC}") = "GorselHW1_IsmailTunaSeydisehirli", "GorselHW1_IsmailTunaSeydisehirli.csproj", "{E41C8267-C57E-4D9C-BD1B-9637DB35C22B}"
EndProject
Project("{2150E333-8FDC-42A3-9474-1A3956D46DE8}") = "Solution Items", "Solution Items", "{1A4C13DD-F631-420B-84C4-56219AD68BDC}"
	ProjectSection(SolutionItems) = preProject
		.editorconfig = .editorconfig
	EndProjectSection
EndProject
Global
	GlobalSection(SolutionConfigurationPlatforms) = preSolution
		Debug|Any CPU = Debug|Any CPU
		Release|Any CPU = Release|Any CPU
	EndGlobalSection
	GlobalSection(ProjectConfigurationPlatforms) = postSolution
		{E41C8267-C57E-4D9C-BD1B-9637DB35C22B}.Debug|Any CPU.ActiveCfg = Debug|Any CPU
		{E41C8267-C57E-4D9C-BD1B-9637DB35C22B}.Debug|Any CPU.Build.0 = Debug|Any CPU
		{E41C8267-C57E-4D9C-BD1B-9637DB35C22B}.Release|Any CPU.ActiveCfg = Release|Any CPU
		{E41C8267-C57E-4D9C-BD1B-9637DB35C22B}.Release|Any CPU.Build.0 = Release|Any CPU
	EndGlobalSection
	GlobalSection(SolutionProperties) = preSolution
		HideSolutionNode = FALSE
	EndGlobalSection
	GlobalSection(ExtensibilityGlobals) = postSolution
		SolutionGuid = {D45F1619-1EBB-4826-A610-039B87CAA7A3}
	EndGlobalSection
EndGlobal
